
Microsoft Visual Studio Solution File, Format Version 12.00
# Visual Studio Version 16
VisualStudioVersion = 16.0.29001.49
MinimumVisualStudioVersion = 10.0.40219.1
Project("{FAE04EC0-301F-11D3-BF4B-00C04F79EFBC}") = "Constructores", "Constructores\Constructores.csproj", "{C53BBBD4-C1C0-4AAB-8653-B990EAA76AF6}"
EndProject
Global
	GlobalSection(SolutionConfigurationPlatforms) = preSolution
		Debug|Any CPU = Debug|Any CPU
		Release|Any CPU = Release|Any CPU
	EndGlobalSection
	GlobalSection(ProjectConfigurationPlatforms) = postSolution
		{C53BBBD4-C1C0-4AAB-8653-B990EAA76AF6}.Debug|Any CPU.ActiveCfg = Debug|Any CPU
		{C53BBBD4-C1C0-4AAB-8653-B990EAA76AF6}.Debug|Any CPU.Build.0 = Debug|Any CPU
		{C53BBBD4-C1C0-4AAB-8653-B990EAA76AF6}.Release|Any CPU.ActiveCfg = Release|Any CPU
		{C53BBBD4-C1C0-4AAB-8653-B990EAA76AF6}.Release|Any CPU.Build.0 = Release|Any CPU
	EndGlobalSection
	GlobalSection(SolutionProperties) = preSolution
		HideSolutionNode = FALSE
	EndGlobalSection
	GlobalSection(ExtensibilityGlobals) = postSolution
		SolutionGuid = {D4EA7FBF-5014-4F26-B299-73E92A114013}
	EndGlobalSection
EndGlobal
